// !$*UTF8*$!
{
	archiveVersion = 1;
	classes = {
	};
	objectVersion = 52;
	objects = {

/* Begin PBXBuildFile section */
		3265B5F32615FA6F00BFB10C /* AppDelegate.swift in Sources */ = {isa = PBXBuildFile; fileRef = 3265B5F22615FA6F00BFB10C /* AppDelegate.swift */; };
		3265B5F52615FA6F00BFB10C /* SceneDelegate.swift in Sources */ = {isa = PBXBuildFile; fileRef = 3265B5F42615FA6F00BFB10C /* SceneDelegate.swift */; };
		3265B5F72615FA6F00BFB10C /* ViewController.swift in Sources */ = {isa = PBXBuildFile; fileRef = 3265B5F62615FA6F00BFB10C /* ViewController.swift */; };
		3265B5FA2615FA6F00BFB10C /* Main.storyboard in Resources */ = {isa = PBXBuildFile; fileRef = 3265B5F82615FA6F00BFB10C /* Main.storyboard */; };
		3265B5FC2615FA6F00BFB10C /* Assets.xcassets in Resources */ = {isa = PBXBuildFile; fileRef = 3265B5FB2615FA6F00BFB10C /* Assets.xcassets */; };
		3265B5FF2615FA6F00BFB10C /* LaunchScreen.storyboard in Resources */ = {isa = PBXBuildFile; fileRef = 3265B5FD2615FA6F00BFB10C /* LaunchScreen.storyboard */; };
		3265B60A2615FA7000BFB10C /* EHNTests.swift in Sources */ = {isa = PBXBuildFile; fileRef = 3265B6092615FA7000BFB10C /* EHNTests.swift */; };
		3265B6152615FA7000BFB10C /* EHNUITests.swift in Sources */ = {isa = PBXBuildFile; fileRef = 3265B6142615FA7000BFB10C /* EHNUITests.swift */; };
		32C5D19B2615FC16001F925D /* SwiftCBOR in Frameworks */ = {isa = PBXBuildFile; productRef = 32C5D19A2615FC16001F925D /* SwiftCBOR */; };
		32C5D1A12616077F001F925D /* GRPC in Frameworks */ = {isa = PBXBuildFile; productRef = 32C5D1A02616077F001F925D /* GRPC */; };
		32C5D1A32616077F001F925D /* CGRPCZlib in Frameworks */ = {isa = PBXBuildFile; productRef = 32C5D1A22616077F001F925D /* CGRPCZlib */; };
/* End PBXBuildFile section */

/* Begin PBXContainerItemProxy section */
		3265B6062615FA7000BFB10C /* PBXContainerItemProxy */ = {
			isa = PBXContainerItemProxy;
			containerPortal = 3265B5E72615FA6F00BFB10C /* Project object */;
			proxyType = 1;
			remoteGlobalIDString = 3265B5EE2615FA6F00BFB10C;
			remoteInfo = EHN;
		};
		3265B6112615FA7000BFB10C /* PBXContainerItemProxy */ = {
			isa = PBXContainerItemProxy;
			containerPortal = 3265B5E72615FA6F00BFB10C /* Project object */;
			proxyType = 1;
			remoteGlobalIDString = 3265B5EE2615FA6F00BFB10C;
			remoteInfo = EHN;
		};
/* End PBXContainerItemProxy section */

/* Begin PBXFileReference section */
		3265B5EF2615FA6F00BFB10C /* EHN.app */ = {isa = PBXFileReference; explicitFileType = wrapper.application; includeInIndex = 0; path = EHN.app; sourceTree = BUILT_PRODUCTS_DIR; };
		3265B5F22615FA6F00BFB10C /* AppDelegate.swift */ = {isa = PBXFileReference; lastKnownFileType = sourcecode.swift; path = AppDelegate.swift; sourceTree = "<group>"; };
		3265B5F42615FA6F00BFB10C /* SceneDelegate.swift */ = {isa = PBXFileReference; lastKnownFileType = sourcecode.swift; path = SceneDelegate.swift; sourceTree = "<group>"; };
		3265B5F62615FA6F00BFB10C /* ViewController.swift */ = {isa = PBXFileReference; lastKnownFileType = sourcecode.swift; path = ViewController.swift; sourceTree = "<group>"; };
		3265B5F92615FA6F00BFB10C /* Base */ = {isa = PBXFileReference; lastKnownFileType = file.storyboard; name = Base; path = Base.lproj/Main.storyboard; sourceTree = "<group>"; };
		3265B5FB2615FA6F00BFB10C /* Assets.xcassets */ = {isa = PBXFileReference; lastKnownFileType = folder.assetcatalog; path = Assets.xcassets; sourceTree = "<group>"; };
		3265B5FE2615FA6F00BFB10C /* Base */ = {isa = PBXFileReference; lastKnownFileType = file.storyboard; name = Base; path = Base.lproj/LaunchScreen.storyboard; sourceTree = "<group>"; };
		3265B6002615FA6F00BFB10C /* Info.plist */ = {isa = PBXFileReference; lastKnownFileType = text.plist.xml; path = Info.plist; sourceTree = "<group>"; };
		3265B6052615FA7000BFB10C /* EHNTests.xctest */ = {isa = PBXFileReference; explicitFileType = wrapper.cfbundle; includeInIndex = 0; path = EHNTests.xctest; sourceTree = BUILT_PRODUCTS_DIR; };
		3265B6092615FA7000BFB10C /* EHNTests.swift */ = {isa = PBXFileReference; lastKnownFileType = sourcecode.swift; path = EHNTests.swift; sourceTree = "<group>"; };
		3265B60B2615FA7000BFB10C /* Info.plist */ = {isa = PBXFileReference; lastKnownFileType = text.plist.xml; path = Info.plist; sourceTree = "<group>"; };
		3265B6102615FA7000BFB10C /* EHNUITests.xctest */ = {isa = PBXFileReference; explicitFileType = wrapper.cfbundle; includeInIndex = 0; path = EHNUITests.xctest; sourceTree = BUILT_PRODUCTS_DIR; };
		3265B6142615FA7000BFB10C /* EHNUITests.swift */ = {isa = PBXFileReference; lastKnownFileType = sourcecode.swift; path = EHNUITests.swift; sourceTree = "<group>"; };
		3265B6162615FA7000BFB10C /* Info.plist */ = {isa = PBXFileReference; lastKnownFileType = text.plist.xml; path = Info.plist; sourceTree = "<group>"; };
/* End PBXFileReference section */

/* Begin PBXFrameworksBuildPhase section */
		3265B5EC2615FA6F00BFB10C /* Frameworks */ = {
			isa = PBXFrameworksBuildPhase;
			buildActionMask = 2147483647;
			files = (
				32C5D1A12616077F001F925D /* GRPC in Frameworks */,
				32C5D19B2615FC16001F925D /* SwiftCBOR in Frameworks */,
				32C5D1A32616077F001F925D /* CGRPCZlib in Frameworks */,
			);
			runOnlyForDeploymentPostprocessing = 0;
		};
		3265B6022615FA7000BFB10C /* Frameworks */ = {
			isa = PBXFrameworksBuildPhase;
			buildActionMask = 2147483647;
			files = (
			);
			runOnlyForDeploymentPostprocessing = 0;
		};
		3265B60D2615FA7000BFB10C /* Frameworks */ = {
			isa = PBXFrameworksBuildPhase;
			buildActionMask = 2147483647;
			files = (
			);
			runOnlyForDeploymentPostprocessing = 0;
		};
/* End PBXFrameworksBuildPhase section */

/* Begin PBXGroup section */
		3265B5E62615FA6F00BFB10C = {
			isa = PBXGroup;
			children = (
				3265B5F12615FA6F00BFB10C /* EHN */,
				3265B6082615FA7000BFB10C /* EHNTests */,
				3265B6132615FA7000BFB10C /* EHNUITests */,
				3265B5F02615FA6F00BFB10C /* Products */,
			);
			sourceTree = "<group>";
		};
		3265B5F02615FA6F00BFB10C /* Products */ = {
			isa = PBXGroup;
			children = (
				3265B5EF2615FA6F00BFB10C /* EHN.app */,
				3265B6052615FA7000BFB10C /* EHNTests.xctest */,
				3265B6102615FA7000BFB10C /* EHNUITests.xctest */,
			);
			name = Products;
			sourceTree = "<group>";
		};
		3265B5F12615FA6F00BFB10C /* EHN */ = {
			isa = PBXGroup;
			children = (
				3265B5F22615FA6F00BFB10C /* AppDelegate.swift */,
				3265B5F42615FA6F00BFB10C /* SceneDelegate.swift */,
				3265B5F62615FA6F00BFB10C /* ViewController.swift */,
				3265B5F82615FA6F00BFB10C /* Main.storyboard */,
				3265B5FB2615FA6F00BFB10C /* Assets.xcassets */,
				3265B5FD2615FA6F00BFB10C /* LaunchScreen.storyboard */,
				3265B6002615FA6F00BFB10C /* Info.plist */,
			);
			path = EHN;
			sourceTree = "<group>";
		};
		3265B6082615FA7000BFB10C /* EHNTests */ = {
			isa = PBXGroup;
			children = (
				3265B6092615FA7000BFB10C /* EHNTests.swift */,
				3265B60B2615FA7000BFB10C /* Info.plist */,
			);
			path = EHNTests;
			sourceTree = "<group>";
		};
		3265B6132615FA7000BFB10C /* EHNUITests */ = {
			isa = PBXGroup;
			children = (
				3265B6142615FA7000BFB10C /* EHNUITests.swift */,
				3265B6162615FA7000BFB10C /* Info.plist */,
			);
			path = EHNUITests;
			sourceTree = "<group>";
		};
/* End PBXGroup section */

/* Begin PBXNativeTarget section */
		3265B5EE2615FA6F00BFB10C /* EHN */ = {
			isa = PBXNativeTarget;
			buildConfigurationList = 3265B6192615FA7000BFB10C /* Build configuration list for PBXNativeTarget "EHN" */;
			buildPhases = (
				3265B5EB2615FA6F00BFB10C /* Sources */,
				3265B5EC2615FA6F00BFB10C /* Frameworks */,
				3265B5ED2615FA6F00BFB10C /* Resources */,
			);
			buildRules = (
			);
			dependencies = (
			);
			name = EHN;
			packageProductDependencies = (
				32C5D19A2615FC16001F925D /* SwiftCBOR */,
				32C5D1A02616077F001F925D /* GRPC */,
				32C5D1A22616077F001F925D /* CGRPCZlib */,
			);
			productName = EHN;
			productReference = 3265B5EF2615FA6F00BFB10C /* EHN.app */;
			productType = "com.apple.product-type.application";
		};
		3265B6042615FA7000BFB10C /* EHNTests */ = {
			isa = PBXNativeTarget;
			buildConfigurationList = 3265B61C2615FA7000BFB10C /* Build configuration list for PBXNativeTarget "EHNTests" */;
			buildPhases = (
				3265B6012615FA7000BFB10C /* Sources */,
				3265B6022615FA7000BFB10C /* Frameworks */,
				3265B6032615FA7000BFB10C /* Resources */,
			);
			buildRules = (
			);
			dependencies = (
				3265B6072615FA7000BFB10C /* PBXTargetDependency */,
			);
			name = EHNTests;
			productName = EHNTests;
			productReference = 3265B6052615FA7000BFB10C /* EHNTests.xctest */;
			productType = "com.apple.product-type.bundle.unit-test";
		};
		3265B60F2615FA7000BFB10C /* EHNUITests */ = {
			isa = PBXNativeTarget;
			buildConfigurationList = 3265B61F2615FA7000BFB10C /* Build configuration list for PBXNativeTarget "EHNUITests" */;
			buildPhases = (
				3265B60C2615FA7000BFB10C /* Sources */,
				3265B60D2615FA7000BFB10C /* Frameworks */,
				3265B60E2615FA7000BFB10C /* Resources */,
			);
			buildRules = (
			);
			dependencies = (
				3265B6122615FA7000BFB10C /* PBXTargetDependency */,
			);
			name = EHNUITests;
			productName = EHNUITests;
			productReference = 3265B6102615FA7000BFB10C /* EHNUITests.xctest */;
			productType = "com.apple.product-type.bundle.ui-testing";
		};
/* End PBXNativeTarget section */

/* Begin PBXProject section */
		3265B5E72615FA6F00BFB10C /* Project object */ = {
			isa = PBXProject;
			attributes = {
				LastSwiftUpdateCheck = 1240;
				LastUpgradeCheck = 1240;
				TargetAttributes = {
					3265B5EE2615FA6F00BFB10C = {
						CreatedOnToolsVersion = 12.4;
					};
					3265B6042615FA7000BFB10C = {
						CreatedOnToolsVersion = 12.4;
						TestTargetID = 3265B5EE2615FA6F00BFB10C;
					};
					3265B60F2615FA7000BFB10C = {
						CreatedOnToolsVersion = 12.4;
						TestTargetID = 3265B5EE2615FA6F00BFB10C;
					};
				};
			};
			buildConfigurationList = 3265B5EA2615FA6F00BFB10C /* Build configuration list for PBXProject "EHN" */;
			compatibilityVersion = "Xcode 9.3";
			developmentRegion = en;
			hasScannedForEncodings = 0;
			knownRegions = (
				en,
				Base,
			);
			mainGroup = 3265B5E62615FA6F00BFB10C;
			packageReferences = (
				32C5D1992615FC16001F925D /* XCRemoteSwiftPackageReference "SwiftCBOR" */,
				32C5D19F2616077F001F925D /* XCRemoteSwiftPackageReference "grpc-swift" */,
			);
			productRefGroup = 3265B5F02615FA6F00BFB10C /* Products */;
			projectDirPath = "";
			projectRoot = "";
			targets = (
				3265B5EE2615FA6F00BFB10C /* EHN */,
				3265B6042615FA7000BFB10C /* EHNTests */,
				3265B60F2615FA7000BFB10C /* EHNUITests */,
			);
		};
/* End PBXProject section */

/* Begin PBXResourcesBuildPhase section */
		3265B5ED2615FA6F00BFB10C /* Resources */ = {
			isa = PBXResourcesBuildPhase;
			buildActionMask = 2147483647;
			files = (
				3265B5FF2615FA6F00BFB10C /* LaunchScreen.storyboard in Resources */,
				3265B5FC2615FA6F00BFB10C /* Assets.xcassets in Resources */,
				3265B5FA2615FA6F00BFB10C /* Main.storyboard in Resources */,
			);
			runOnlyForDeploymentPostprocessing = 0;
		};
		3265B6032615FA7000BFB10C /* Resources */ = {
			isa = PBXResourcesBuildPhase;
			buildActionMask = 2147483647;
			files = (
			);
			runOnlyForDeploymentPostprocessing = 0;
		};
		3265B60E2615FA7000BFB10C /* Resources */ = {
			isa = PBXResourcesBuildPhase;
			buildActionMask = 2147483647;
			files = (
			);
			runOnlyForDeploymentPostprocessing = 0;
		};
/* End PBXResourcesBuildPhase section */

/* Begin PBXSourcesBuildPhase section */
		3265B5EB2615FA6F00BFB10C /* Sources */ = {
			isa = PBXSourcesBuildPhase;
			buildActionMask = 2147483647;
			files = (
				3265B5F72615FA6F00BFB10C /* ViewController.swift in Sources */,
				3265B5F32615FA6F00BFB10C /* AppDelegate.swift in Sources */,
				3265B5F52615FA6F00BFB10C /* SceneDelegate.swift in Sources */,
			);
			runOnlyForDeploymentPostprocessing = 0;
		};
		3265B6012615FA7000BFB10C /* Sources */ = {
			isa = PBXSourcesBuildPhase;
			buildActionMask = 2147483647;
			files = (
				3265B60A2615FA7000BFB10C /* EHNTests.swift in Sources */,
			);
			runOnlyForDeploymentPostprocessing = 0;
		};
		3265B60C2615FA7000BFB10C /* Sources */ = {
			isa = PBXSourcesBuildPhase;
			buildActionMask = 2147483647;
			files = (
				3265B6152615FA7000BFB10C /* EHNUITests.swift in Sources */,
			);
			runOnlyForDeploymentPostprocessing = 0;
		};
/* End PBXSourcesBuildPhase section */

/* Begin PBXTargetDependency section */
		3265B6072615FA7000BFB10C /* PBXTargetDependency */ = {
			isa = PBXTargetDependency;
			target = 3265B5EE2615FA6F00BFB10C /* EHN */;
			targetProxy = 3265B6062615FA7000BFB10C /* PBXContainerItemProxy */;
		};
		3265B6122615FA7000BFB10C /* PBXTargetDependency */ = {
			isa = PBXTargetDependency;
			target = 3265B5EE2615FA6F00BFB10C /* EHN */;
			targetProxy = 3265B6112615FA7000BFB10C /* PBXContainerItemProxy */;
		};
/* End PBXTargetDependency section */

/* Begin PBXVariantGroup section */
		3265B5F82615FA6F00BFB10C /* Main.storyboard */ = {
			isa = PBXVariantGroup;
			children = (
				3265B5F92615FA6F00BFB10C /* Base */,
			);
			name = Main.storyboard;
			sourceTree = "<group>";
		};
		3265B5FD2615FA6F00BFB10C /* LaunchScreen.storyboard */ = {
			isa = PBXVariantGroup;
			children = (
				3265B5FE2615FA6F00BFB10C /* Base */,
			);
			name = LaunchScreen.storyboard;
			sourceTree = "<group>";
		};
/* End PBXVariantGroup section */

/* Begin XCBuildConfiguration section */
		3265B6172615FA7000BFB10C /* Debug */ = {
			isa = XCBuildConfiguration;
			buildSettings = {
				ALWAYS_SEARCH_USER_PATHS = NO;
				CLANG_ANALYZER_NONNULL = YES;
				CLANG_ANALYZER_NUMBER_OBJECT_CONVERSION = YES_AGGRESSIVE;
				CLANG_CXX_LANGUAGE_STANDARD = "gnu++14";
				CLANG_CXX_LIBRARY = "libc++";
				CLANG_ENABLE_MODULES = YES;
				CLANG_ENABLE_OBJC_ARC = YES;
				CLANG_ENABLE_OBJC_WEAK = YES;
				CLANG_WARN_BLOCK_CAPTURE_AUTORELEASING = YES;
				CLANG_WARN_BOOL_CONVERSION = YES;
				CLANG_WARN_COMMA = YES;
				CLANG_WARN_CONSTANT_CONVERSION = YES;
				CLANG_WARN_DEPRECATED_OBJC_IMPLEMENTATIONS = YES;
				CLANG_WARN_DIRECT_OBJC_ISA_USAGE = YES_ERROR;
				CLANG_WARN_DOCUMENTATION_COMMENTS = YES;
				CLANG_WARN_EMPTY_BODY = YES;
				CLANG_WARN_ENUM_CONVERSION = YES;
				CLANG_WARN_INFINITE_RECURSION = YES;
				CLANG_WARN_INT_CONVERSION = YES;
				CLANG_WARN_NON_LITERAL_NULL_CONVERSION = YES;
				CLANG_WARN_OBJC_IMPLICIT_RETAIN_SELF = YES;
				CLANG_WARN_OBJC_LITERAL_CONVERSION = YES;
				CLANG_WARN_OBJC_ROOT_CLASS = YES_ERROR;
				CLANG_WARN_QUOTED_INCLUDE_IN_FRAMEWORK_HEADER = YES;
				CLANG_WARN_RANGE_LOOP_ANALYSIS = YES;
				CLANG_WARN_STRICT_PROTOTYPES = YES;
				CLANG_WARN_SUSPICIOUS_MOVE = YES;
				CLANG_WARN_UNGUARDED_AVAILABILITY = YES_AGGRESSIVE;
				CLANG_WARN_UNREACHABLE_CODE = YES;
				CLANG_WARN__DUPLICATE_METHOD_MATCH = YES;
				COPY_PHASE_STRIP = NO;
				DEBUG_INFORMATION_FORMAT = dwarf;
				ENABLE_STRICT_OBJC_MSGSEND = YES;
				ENABLE_TESTABILITY = YES;
				GCC_C_LANGUAGE_STANDARD = gnu11;
				GCC_DYNAMIC_NO_PIC = NO;
				GCC_NO_COMMON_BLOCKS = YES;
				GCC_OPTIMIZATION_LEVEL = 0;
				GCC_PREPROCESSOR_DEFINITIONS = (
					"DEBUG=1",
					"$(inherited)",
				);
				GCC_WARN_64_TO_32_BIT_CONVERSION = YES;
				GCC_WARN_ABOUT_RETURN_TYPE = YES_ERROR;
				GCC_WARN_UNDECLARED_SELECTOR = YES;
				GCC_WARN_UNINITIALIZED_AUTOS = YES_AGGRESSIVE;
				GCC_WARN_UNUSED_FUNCTION = YES;
				GCC_WARN_UNUSED_VARIABLE = YES;
				IPHONEOS_DEPLOYMENT_TARGET = 14.4;
				MTL_ENABLE_DEBUG_INFO = INCLUDE_SOURCE;
				MTL_FAST_MATH = YES;
				ONLY_ACTIVE_ARCH = YES;
				SDKROOT = iphoneos;
				SWIFT_ACTIVE_COMPILATION_CONDITIONS = DEBUG;
				SWIFT_OPTIMIZATION_LEVEL = "-Onone";
			};
			name = Debug;
		};
		3265B6182615FA7000BFB10C /* Release */ = {
			isa = XCBuildConfiguration;
			buildSettings = {
				ALWAYS_SEARCH_USER_PATHS = NO;
				CLANG_ANALYZER_NONNULL = YES;
				CLANG_ANALYZER_NUMBER_OBJECT_CONVERSION = YES_AGGRESSIVE;
				CLANG_CXX_LANGUAGE_STANDARD = "gnu++14";
				CLANG_CXX_LIBRARY = "libc++";
				CLANG_ENABLE_MODULES = YES;
				CLANG_ENABLE_OBJC_ARC = YES;
				CLANG_ENABLE_OBJC_WEAK = YES;
				CLANG_WARN_BLOCK_CAPTURE_AUTORELEASING = YES;
				CLANG_WARN_BOOL_CONVERSION = YES;
				CLANG_WARN_COMMA = YES;
				CLANG_WARN_CONSTANT_CONVERSION = YES;
				CLANG_WARN_DEPRECATED_OBJC_IMPLEMENTATIONS = YES;
				CLANG_WARN_DIRECT_OBJC_ISA_USAGE = YES_ERROR;
				CLANG_WARN_DOCUMENTATION_COMMENTS = YES;
				CLANG_WARN_EMPTY_BODY = YES;
				CLANG_WARN_ENUM_CONVERSION = YES;
				CLANG_WARN_INFINITE_RECURSION = YES;
				CLANG_WARN_INT_CONVERSION = YES;
				CLANG_WARN_NON_LITERAL_NULL_CONVERSION = YES;
				CLANG_WARN_OBJC_IMPLICIT_RETAIN_SELF = YES;
				CLANG_WARN_OBJC_LITERAL_CONVERSION = YES;
				CLANG_WARN_OBJC_ROOT_CLASS = YES_ERROR;
				CLANG_WARN_QUOTED_INCLUDE_IN_FRAMEWORK_HEADER = YES;
				CLANG_WARN_RANGE_LOOP_ANALYSIS = YES;
				CLANG_WARN_STRICT_PROTOTYPES = YES;
				CLANG_WARN_SUSPICIOUS_MOVE = YES;
				CLANG_WARN_UNGUARDED_AVAILABILITY = YES_AGGRESSIVE;
				CLANG_WARN_UNREACHABLE_CODE = YES;
				CLANG_WARN__DUPLICATE_METHOD_MATCH = YES;
				COPY_PHASE_STRIP = NO;
				DEBUG_INFORMATION_FORMAT = "dwarf-with-dsym";
				ENABLE_NS_ASSERTIONS = NO;
				ENABLE_STRICT_OBJC_MSGSEND = YES;
				GCC_C_LANGUAGE_STANDARD = gnu11;
				GCC_NO_COMMON_BLOCKS = YES;
				GCC_WARN_64_TO_32_BIT_CONVERSION = YES;
				GCC_WARN_ABOUT_RETURN_TYPE = YES_ERROR;
				GCC_WARN_UNDECLARED_SELECTOR = YES;
				GCC_WARN_UNINITIALIZED_AUTOS = YES_AGGRESSIVE;
				GCC_WARN_UNUSED_FUNCTION = YES;
				GCC_WARN_UNUSED_VARIABLE = YES;
				IPHONEOS_DEPLOYMENT_TARGET = 14.4;
				MTL_ENABLE_DEBUG_INFO = NO;
				MTL_FAST_MATH = YES;
				SDKROOT = iphoneos;
				SWIFT_COMPILATION_MODE = wholemodule;
				SWIFT_OPTIMIZATION_LEVEL = "-O";
				VALIDATE_PRODUCT = YES;
			};
			name = Release;
		};
		3265B61A2615FA7000BFB10C /* Debug */ = {
			isa = XCBuildConfiguration;
			buildSettings = {
				ASSETCATALOG_COMPILER_APPICON_NAME = AppIcon;
				ASSETCATALOG_COMPILER_GLOBAL_ACCENT_COLOR_NAME = AccentColor;
				CODE_SIGN_STYLE = Automatic;
				INFOPLIST_FILE = EHN/Info.plist;
				LD_RUNPATH_SEARCH_PATHS = (
					"$(inherited)",
					"@executable_path/Frameworks",
				);
				PRODUCT_BUNDLE_IDENTIFIER = org.webweaving.EHN;
				PRODUCT_NAME = "$(TARGET_NAME)";
				SWIFT_VERSION = 5.0;
				TARGETED_DEVICE_FAMILY = "1,2";
			};
			name = Debug;
		};
		3265B61B2615FA7000BFB10C /* Release */ = {
			isa = XCBuildConfiguration;
			buildSettings = {
				ASSETCATALOG_COMPILER_APPICON_NAME = AppIcon;
				ASSETCATALOG_COMPILER_GLOBAL_ACCENT_COLOR_NAME = AccentColor;
				CODE_SIGN_STYLE = Automatic;
				INFOPLIST_FILE = EHN/Info.plist;
				LD_RUNPATH_SEARCH_PATHS = (
					"$(inherited)",
					"@executable_path/Frameworks",
				);
				PRODUCT_BUNDLE_IDENTIFIER = org.webweaving.EHN;
				PRODUCT_NAME = "$(TARGET_NAME)";
				SWIFT_VERSION = 5.0;
				TARGETED_DEVICE_FAMILY = "1,2";
			};
			name = Release;
		};
		3265B61D2615FA7000BFB10C /* Debug */ = {
			isa = XCBuildConfiguration;
			buildSettings = {
				ALWAYS_EMBED_SWIFT_STANDARD_LIBRARIES = YES;
				BUNDLE_LOADER = "$(TEST_HOST)";
				CODE_SIGN_STYLE = Automatic;
				INFOPLIST_FILE = EHNTests/Info.plist;
				IPHONEOS_DEPLOYMENT_TARGET = 14.4;
				LD_RUNPATH_SEARCH_PATHS = (
					"$(inherited)",
					"@executable_path/Frameworks",
					"@loader_path/Frameworks",
				);
				PRODUCT_BUNDLE_IDENTIFIER = org.webweaving.EHNTests;
				PRODUCT_NAME = "$(TARGET_NAME)";
				SWIFT_VERSION = 5.0;
				TARGETED_DEVICE_FAMILY = "1,2";
				TEST_HOST = "$(BUILT_PRODUCTS_DIR)/EHN.app/EHN";
			};
			name = Debug;
		};
		3265B61E2615FA7000BFB10C /* Release */ = {
			isa = XCBuildConfiguration;
			buildSettings = {
				ALWAYS_EMBED_SWIFT_STANDARD_LIBRARIES = YES;
				BUNDLE_LOADER = "$(TEST_HOST)";
				CODE_SIGN_STYLE = Automatic;
				INFOPLIST_FILE = EHNTests/Info.plist;
				IPHONEOS_DEPLOYMENT_TARGET = 14.4;
				LD_RUNPATH_SEARCH_PATHS = (
					"$(inherited)",
					"@executable_path/Frameworks",
					"@loader_path/Frameworks",
				);
				PRODUCT_BUNDLE_IDENTIFIER = org.webweaving.EHNTests;
				PRODUCT_NAME = "$(TARGET_NAME)";
				SWIFT_VERSION = 5.0;
				TARGETED_DEVICE_FAMILY = "1,2";
				TEST_HOST = "$(BUILT_PRODUCTS_DIR)/EHN.app/EHN";
			};
			name = Release;
		};
		3265B6202615FA7000BFB10C /* Debug */ = {
			isa = XCBuildConfiguration;
			buildSettings = {
				ALWAYS_EMBED_SWIFT_STANDARD_LIBRARIES = YES;
				CODE_SIGN_STYLE = Automatic;
				INFOPLIST_FILE = EHNUITests/Info.plist;
				LD_RUNPATH_SEARCH_PATHS = (
					"$(inherited)",
					"@executable_path/Frameworks",
					"@loader_path/Frameworks",
				);
				PRODUCT_BUNDLE_IDENTIFIER = org.webweaving.EHNUITests;
				PRODUCT_NAME = "$(TARGET_NAME)";
				SWIFT_VERSION = 5.0;
				TARGETED_DEVICE_FAMILY = "1,2";
				TEST_TARGET_NAME = EHN;
			};
			name = Debug;
		};
		3265B6212615FA7000BFB10C /* Release */ = {
			isa = XCBuildConfiguration;
			buildSettings = {
				ALWAYS_EMBED_SWIFT_STANDARD_LIBRARIES = YES;
				CODE_SIGN_STYLE = Automatic;
				INFOPLIST_FILE = EHNUITests/Info.plist;
				LD_RUNPATH_SEARCH_PATHS = (
					"$(inherited)",
					"@executable_path/Frameworks",
					"@loader_path/Frameworks",
				);
				PRODUCT_BUNDLE_IDENTIFIER = org.webweaving.EHNUITests;
				PRODUCT_NAME = "$(TARGET_NAME)";
				SWIFT_VERSION = 5.0;
				TARGETED_DEVICE_FAMILY = "1,2";
				TEST_TARGET_NAME = EHN;
			};
			name = Release;
		};
/* End XCBuildConfiguration section */

/* Begin XCConfigurationList section */
		3265B5EA2615FA6F00BFB10C /* Build configuration list for PBXProject "EHN" */ = {
			isa = XCConfigurationList;
			buildConfigurations = (
				3265B6172615FA7000BFB10C /* Debug */,
				3265B6182615FA7000BFB10C /* Release */,
			);
			defaultConfigurationIsVisible = 0;
			defaultConfigurationName = Release;
		};
		3265B6192615FA7000BFB10C /* Build configuration list for PBXNativeTarget "EHN" */ = {
			isa = XCConfigurationList;
			buildConfigurations = (
				3265B61A2615FA7000BFB10C /* Debug */,
				3265B61B2615FA7000BFB10C /* Release */,
			);
			defaultConfigurationIsVisible = 0;
			defaultConfigurationName = Release;
		};
		3265B61C2615FA7000BFB10C /* Build configuration list for PBXNativeTarget "EHNTests" */ = {
			isa = XCConfigurationList;
			buildConfigurations = (
				3265B61D2615FA7000BFB10C /* Debug */,
				3265B61E2615FA7000BFB10C /* Release */,
			);
			defaultConfigurationIsVisible = 0;
			defaultConfigurationName = Release;
		};
		3265B61F2615FA7000BFB10C /* Build configuration list for PBXNativeTarget "EHNUITests" */ = {
			isa = XCConfigurationList;
			buildConfigurations = (
				3265B6202615FA7000BFB10C /* Debug */,
				3265B6212615FA7000BFB10C /* Release */,
			);
			defaultConfigurationIsVisible = 0;
			defaultConfigurationName = Release;
		};
/* End XCConfigurationList section */

/* Begin XCRemoteSwiftPackageReference section */
		32C5D1992615FC16001F925D /* XCRemoteSwiftPackageReference "SwiftCBOR" */ = {
			isa = XCRemoteSwiftPackageReference;
			repositoryURL = "git@github.com:unrelentingtech/SwiftCBOR.git";
			requirement = {
				branch = master;
				kind = branch;
			};
		};
		32C5D19F2616077F001F925D /* XCRemoteSwiftPackageReference "grpc-swift" */ = {
			isa = XCRemoteSwiftPackageReference;
			repositoryURL = "git@github.com:grpc/grpc-swift.git";
			requirement = {
				branch = main;
				kind = branch;
			};
		};
/* End XCRemoteSwiftPackageReference section */

/* Begin XCSwiftPackageProductDependency section */
		32C5D19A2615FC16001F925D /* SwiftCBOR */ = {
			isa = XCSwiftPackageProductDependency;
			package = 32C5D1992615FC16001F925D /* XCRemoteSwiftPackageReference "SwiftCBOR" */;
			productName = SwiftCBOR;
		};
		32C5D1A02616077F001F925D /* GRPC */ = {
			isa = XCSwiftPackageProductDependency;
			package = 32C5D19F2616077F001F925D /* XCRemoteSwiftPackageReference "grpc-swift" */;
			productName = GRPC;
		};
		32C5D1A22616077F001F925D /* CGRPCZlib */ = {
			isa = XCSwiftPackageProductDependency;
			package = 32C5D19F2616077F001F925D /* XCRemoteSwiftPackageReference "grpc-swift" */;
			productName = CGRPCZlib;
		};
/* End XCSwiftPackageProductDependency section */
	};
	rootObject = 3265B5E72615FA6F00BFB10C /* Project object */;
}
